
Microsoft Visual Studio Solution File, Format Version 12.00
# Visual Studio 14
VisualStudioVersion = 14.0.23107.0
MinimumVisualStudioVersion = 10.0.40219.1
Project("{FAE04EC0-301F-11D3-BF4B-00C04F79EFBC}") = "Alchemy4Tridion.Plugins.ComponentSync", "Alchemy4Tridion.Plugins.ComponentSync\Alchemy4Tridion.Plugins.ComponentSync.csproj", "{DEFC9BE3-08FC-41A5-83F0-078DD1BD9AAE}"
EndProject
Global
	GlobalSection(SolutionConfigurationPlatforms) = preSolution
		Debug|Any CPU = Debug|Any CPU
		Release|Any CPU = Release|Any CPU
	EndGlobalSection
	GlobalSection(ProjectConfigurationPlatforms) = postSolution
		{DEFC9BE3-08FC-41A5-83F0-078DD1BD9AAE}.Debug|Any CPU.ActiveCfg = Debug|Any CPU
		{DEFC9BE3-08FC-41A5-83F0-078DD1BD9AAE}.Debug|Any CPU.Build.0 = Debug|Any CPU
		{DEFC9BE3-08FC-41A5-83F0-078DD1BD9AAE}.Release|Any CPU.ActiveCfg = Release|Any CPU
		{DEFC9BE3-08FC-41A5-83F0-078DD1BD9AAE}.Release|Any CPU.Build.0 = Release|Any CPU
	EndGlobalSection
	GlobalSection(SolutionProperties) = preSolution
		HideSolutionNode = FALSE
	EndGlobalSection
EndGlobal
